{
  "_meta": {
    "hash": {
      "sha256": "11fdd2bcfb6cceeb1c066829e742a50b9ab47185d14f9b3df565cfaf3891bdbd"
    },
    "pipfile-spec": 6,
    "requires": {
      "python_version": "3.10"
    },
    "sources": [
      {
        "name": "pypi",
        "url": "https://pypi.org/simple",
        "verify_ssl": true
      }
    ]
  },
  "default": {
    "certifi": {
      "hashes": [
        "sha256:35824b4c3a97115964b408844d64aa14db1cc518f6562e8d7261699d1350a9e3",
        "sha256:4ad3232f5e926d6718ec31cfc1fcadfde020920e278684144551c91769c7bc18"
      ],
      "index": "pypi",
      "version": "==2022.12.7"
    },
    "charset-normalizer": {
      "hashes": [
        "sha256:5a3d016c7c547f69d6f81fb0db9449ce888b418b5b9952cc5e6e66843e9dd845",
        "sha256:83e9a75d1911279afd89352c68b45348559d1fc0506b054b346651b5e7fee29f"
      ],
      "markers": "python_full_version >= '3.6.0'",
      "version": "==2.1.1"
    },
    "idna": {
      "hashes": [
        "sha256:814f528e8dead7d329833b91c5faa87d60bf71824cd12a7530b5526063d02cb4",
        "sha256:90b77e79eaa3eba6de819a0c442c0b4ceefc341a7a2ab77d7562bf49f425c5c2"
      ],
      "markers": "python_version >= '3.5'",
      "version": "==3.4"
    },
    "paho-mqtt": {
      "hashes": [
        "sha256:2a8291c81623aec00372b5a85558a372c747cbca8e9934dfe218638b8eefc26f"
      ],
      "index": "pypi",
      "version": "==1.6.1"
    },
    "pillow": {
      "hashes": [
        "sha256:03150abd92771742d4a8cd6f2fa6246d847dcd2e332a18d0c15cc75bf6703040",
        "sha256:073adb2ae23431d3b9bcbcff3fe698b62ed47211d0716b067385538a1b0f28b8",
        "sha256:0b07fffc13f474264c336298d1b4ce01d9c5a011415b79d4ee5527bb69ae6f65",
        "sha256:0b7257127d646ff8676ec8a15520013a698d1fdc48bc2a79ba4e53df792526f2",
        "sha256:12ce4932caf2ddf3e41d17fc9c02d67126935a44b86df6a206cf0d7161548627",
        "sha256:15c42fb9dea42465dfd902fb0ecf584b8848ceb28b41ee2b58f866411be33f07",
        "sha256:18498994b29e1cf86d505edcb7edbe814d133d2232d256db8c7a8ceb34d18cef",
        "sha256:1c7c8ae3864846fc95f4611c78129301e203aaa2af813b703c55d10cc1628535",
        "sha256:22b012ea2d065fd163ca096f4e37e47cd8b59cf4b0fd47bfca6abb93df70b34c",
        "sha256:276a5ca930c913f714e372b2591a22c4bd3b81a418c0f6635ba832daec1cbcfc",
        "sha256:2e0918e03aa0c72ea56edbb00d4d664294815aa11291a11504a377ea018330d3",
        "sha256:3033fbe1feb1b59394615a1cafaee85e49d01b51d54de0cbf6aa8e64182518a1",
        "sha256:3168434d303babf495d4ba58fc22d6604f6e2afb97adc6a423e917dab828939c",
        "sha256:32a44128c4bdca7f31de5be641187367fe2a450ad83b833ef78910397db491aa",
        "sha256:3dd6caf940756101205dffc5367babf288a30043d35f80936f9bfb37f8355b32",
        "sha256:40e1ce476a7804b0fb74bcfa80b0a2206ea6a882938eaba917f7a0f004b42502",
        "sha256:41e0051336807468be450d52b8edd12ac60bebaa97fe10c8b660f116e50b30e4",
        "sha256:4390e9ce199fc1951fcfa65795f239a8a4944117b5935a9317fb320e7767b40f",
        "sha256:502526a2cbfa431d9fc2a079bdd9061a2397b842bb6bc4239bb176da00993812",
        "sha256:51e0e543a33ed92db9f5ef69a0356e0b1a7a6b6a71b80df99f1d181ae5875636",
        "sha256:57751894f6618fd4308ed8e0c36c333e2f5469744c34729a27532b3db106ee20",
        "sha256:5d77adcd56a42d00cc1be30843d3426aa4e660cab4a61021dc84467123f7a00c",
        "sha256:655a83b0058ba47c7c52e4e2df5ecf484c1b0b0349805896dd350cbc416bdd91",
        "sha256:68943d632f1f9e3dce98908e873b3a090f6cba1cbb1b892a9e8d97c938871fbe",
        "sha256:6c738585d7a9961d8c2821a1eb3dcb978d14e238be3d70f0a706f7fa9316946b",
        "sha256:73bd195e43f3fadecfc50c682f5055ec32ee2c933243cafbfdec69ab1aa87cad",
        "sha256:772a91fc0e03eaf922c63badeca75e91baa80fe2f5f87bdaed4280662aad25c9",
        "sha256:77ec3e7be99629898c9a6d24a09de089fa5356ee408cdffffe62d67bb75fdd72",
        "sha256:7db8b751ad307d7cf238f02101e8e36a128a6cb199326e867d1398067381bff4",
        "sha256:801ec82e4188e935c7f5e22e006d01611d6b41661bba9fe45b60e7ac1a8f84de",
        "sha256:82409ffe29d70fd733ff3c1025a602abb3e67405d41b9403b00b01debc4c9a29",
        "sha256:828989c45c245518065a110434246c44a56a8b2b2f6347d1409c787e6e4651ee",
        "sha256:829f97c8e258593b9daa80638aee3789b7df9da5cf1336035016d76f03b8860c",
        "sha256:871b72c3643e516db4ecf20efe735deb27fe30ca17800e661d769faab45a18d7",
        "sha256:89dca0ce00a2b49024df6325925555d406b14aa3efc2f752dbb5940c52c56b11",
        "sha256:90fb88843d3902fe7c9586d439d1e8c05258f41da473952aa8b328d8b907498c",
        "sha256:97aabc5c50312afa5e0a2b07c17d4ac5e865b250986f8afe2b02d772567a380c",
        "sha256:9aaa107275d8527e9d6e7670b64aabaaa36e5b6bd71a1015ddd21da0d4e06448",
        "sha256:9f47eabcd2ded7698106b05c2c338672d16a6f2a485e74481f524e2a23c2794b",
        "sha256:a0a06a052c5f37b4ed81c613a455a81f9a3a69429b4fd7bb913c3fa98abefc20",
        "sha256:ab388aaa3f6ce52ac1cb8e122c4bd46657c15905904b3120a6248b5b8b0bc228",
        "sha256:ad58d27a5b0262c0c19b47d54c5802db9b34d38bbf886665b626aff83c74bacd",
        "sha256:ae5331c23ce118c53b172fa64a4c037eb83c9165aba3a7ba9ddd3ec9fa64a699",
        "sha256:af0372acb5d3598f36ec0914deed2a63f6bcdb7b606da04dc19a88d31bf0c05b",
        "sha256:afa4107d1b306cdf8953edde0534562607fe8811b6c4d9a486298ad31de733b2",
        "sha256:b03ae6f1a1878233ac620c98f3459f79fd77c7e3c2b20d460284e1fb370557d4",
        "sha256:b0915e734b33a474d76c28e07292f196cdf2a590a0d25bcc06e64e545f2d146c",
        "sha256:b4012d06c846dc2b80651b120e2cdd787b013deb39c09f407727ba90015c684f",
        "sha256:b472b5ea442148d1c3e2209f20f1e0bb0eb556538690fa70b5e1f79fa0ba8dc2",
        "sha256:b59430236b8e58840a0dfb4099a0e8717ffb779c952426a69ae435ca1f57210c",
        "sha256:b90f7616ea170e92820775ed47e136208e04c967271c9ef615b6fbd08d9af0e3",
        "sha256:b9a65733d103311331875c1dca05cb4606997fd33d6acfed695b1232ba1df193",
        "sha256:bac18ab8d2d1e6b4ce25e3424f709aceef668347db8637c2296bcf41acb7cf48",
        "sha256:bca31dd6014cb8b0b2db1e46081b0ca7d936f856da3b39744aef499db5d84d02",
        "sha256:be55f8457cd1eac957af0c3f5ece7bc3f033f89b114ef30f710882717670b2a8",
        "sha256:c7025dce65566eb6e89f56c9509d4f628fddcedb131d9465cacd3d8bac337e7e",
        "sha256:c935a22a557a560108d780f9a0fc426dd7459940dc54faa49d83249c8d3e760f",
        "sha256:dbb8e7f2abee51cef77673be97760abff1674ed32847ce04b4af90f610144c7b",
        "sha256:e6ea6b856a74d560d9326c0f5895ef8050126acfdc7ca08ad703eb0081e82b74",
        "sha256:ebf2029c1f464c59b8bdbe5143c79fa2045a581ac53679733d3a91d400ff9efb",
        "sha256:f1ff2ee69f10f13a9596480335f406dd1f70c3650349e2be67ca3139280cade0"
      ],
      "index": "pypi",
      "version": "==9.3.0"
    },
    "python-dotenv": {
      "hashes": [
        "sha256:1684eb44636dd462b66c3ee016599815514527ad99965de77f43e0944634a7e5",
        "sha256:b77d08274639e3d34145dfa6c7008e66df0f04b7be7a75fd0d5292c191d79045"
      ],
      "index": "pypi",
      "version": "==0.21.0"
    },
    "requests": {
      "hashes": [
        "sha256:7c5599b102feddaa661c826c56ab4fee28bfd17f5abca1ebbe3e7f19d7c97983",
        "sha256:8fefa2a1a1365bf5520aac41836fbee479da67864514bdb821f31ce07ce65349"
      ],
      "index": "pypi",
      "version": "==2.28.1"
    },
    "urllib3": {
      "hashes": [
        "sha256:8a388717b9476f934a21484e8c8e61875ab60644d29b9b39e11e4b9dc1c6b305",
        "sha256:aa751d169e23c7479ce47a0cb0da579e3ede798f994f5816a74e4f4500dcea42"
      ],
      "markers": "python_version >= '2.7' and python_version not in '3.0, 3.1, 3.2, 3.3, 3.4, 3.5'",
      "version": "==1.26.15"
    },
    "wg-utilities": {
      "extras": [
        "exceptions"
      ],
      "hashes": [
        "sha256:5c5a78b6484a86acedeecb87753c9e47beb8dd970f1dd2ce6b5b4b78e2e8c480",
        "sha256:6898b9081f81a38b5a64a1c7476386c776b0cf468e7ead303028e147c705408c"
      ],
      "index": "pypi",
      "version": "==2.33.0"
    }
  },
  "develop": {
    "bdfparser": {
      "hashes": [
        "sha256:62ceed3b90b1fca050fcb414e70cc5b1f4551d57b088f9e7417678563eebf135",
        "sha256:75cebd7c2f1ed5e5d0985763b255726a9538c602c7c5ca8639707aec54a58683"
      ],
      "markers": "python_version >= '3.5'",
      "version": "==2.2.0"
    },
    "black": {
      "hashes": [
        "sha256:14ff67aec0a47c424bc99b71005202045dc09270da44a27848d534600ac64fc7",
        "sha256:197df8509263b0b8614e1df1756b1dd41be6738eed2ba9e9769f3880c2b9d7b6",
        "sha256:1e464456d24e23d11fced2bc8c47ef66d471f845c7b7a42f3bd77bf3d1789650",
        "sha256:2039230db3c6c639bd84efe3292ec7b06e9214a2992cd9beb293d639c6402edb",
        "sha256:21199526696b8f09c3997e2b4db8d0b108d801a348414264d2eb8eb2532e540d",
        "sha256:2644b5d63633702bc2c5f3754b1b475378fbbfb481f62319388235d0cd104c2d",
        "sha256:432247333090c8c5366e69627ccb363bc58514ae3e63f7fc75c54b1ea80fa7de",
        "sha256:444ebfb4e441254e87bad00c661fe32df9969b2bf224373a448d8aca2132b395",
        "sha256:5b9b29da4f564ba8787c119f37d174f2b69cdfdf9015b7d8c5c16121ddc054ae",
        "sha256:5cc42ca67989e9c3cf859e84c2bf014f6633db63d1cbdf8fdb666dcd9e77e3fa",
        "sha256:5d8f74030e67087b219b032aa33a919fae8806d49c867846bfacde57f43972ef",
        "sha256:72ef3925f30e12a184889aac03d77d031056860ccae8a1e519f6cbb742736383",
        "sha256:819dc789f4498ecc91438a7de64427c73b45035e2e3680c92e18795a839ebb66",
        "sha256:915ace4ff03fdfff953962fa672d44be269deb2eaf88499a0f8805221bc68c87",
        "sha256:9311e99228ae10023300ecac05be5a296f60d2fd10fff31cf5c1fa4ca4b1988d",
        "sha256:974308c58d057a651d182208a484ce80a26dac0caef2895836a92dd6ebd725e0",
        "sha256:b8b49776299fece66bffaafe357d929ca9451450f5466e997a7285ab0fe28e3b",
        "sha256:c957b2b4ea88587b46cf49d1dc17681c1e672864fd7af32fc1e9664d572b3458",
        "sha256:e41a86c6c650bcecc6633ee3180d80a025db041a8e2398dcc059b3afa8382cd4",
        "sha256:f513588da599943e0cde4e32cc9879e825d58720d6557062d1098c5ad80080e1",
        "sha256:fba8a281e570adafb79f7755ac8721b6cf1bbf691186a287e990c7929c7692ff"
      ],
      "index": "pypi",
      "version": "==22.10.0"
    },
    "cfgv": {
      "hashes": [
        "sha256:c6a0883f3917a037485059700b9e75da2464e6c27051014ad85ba6aaa5884426",
        "sha256:f5a830efb9ce7a445376bb66ec94c638a9787422f96264c98edc6bdeed8ab736"
      ],
      "markers": "python_full_version >= '3.6.1'",
      "version": "==3.3.1"
    },
    "click": {
      "hashes": [
        "sha256:7682dc8afb30297001674575ea00d1814d808d6a36af415a82bd481d37ba7b8e",
        "sha256:bb4d8133cb15a609f44e8213d9b391b0809795062913b383c62be0ee95b1db48"
      ],
      "markers": "python_version >= '3.7'",
      "version": "==8.1.3"
    },
    "distlib": {
      "hashes": [
        "sha256:14bad2d9b04d3a36127ac97f30b12a19268f211063d8f8ee4f47108896e11b46",
        "sha256:f35c4b692542ca110de7ef0bea44d73981caeb34ca0b9b6b2e6d7790dda8f80e"
      ],
      "version": "==0.3.6"
    },
    "filelock": {
      "hashes": [
        "sha256:ad98852315c2ab702aeb628412cbf7e95b7ce8c3bf9565670b4eaecf1db370a9",
        "sha256:fc03ae43288c013d2ea83c8597001b1129db351aad9c57fe2409327916b8e718"
      ],
      "markers": "python_version >= '3.7'",
      "version": "==3.12.0"
    },
    "identify": {
      "hashes": [
        "sha256:17d9351c028a781456965e781ed2a435755cac655df1ebd930f7186b54399312",
        "sha256:50b01b9d5f73c6b53e5fa2caf9f543d3e657a9d0bbdeb203ebb8d45960ba7433"
      ],
      "markers": "python_version >= '3.7'",
      "version": "==2.5.23"
    },
    "mypy": {
      "hashes": [
        "sha256:0714258640194d75677e86c786e80ccf294972cc76885d3ebbb560f11db0003d",
        "sha256:0c8f3be99e8a8bd403caa8c03be619544bc2c77a7093685dcf308c6b109426c6",
        "sha256:0cca5adf694af539aeaa6ac633a7afe9bbd760df9d31be55ab780b77ab5ae8bf",
        "sha256:1c8cd4fb70e8584ca1ed5805cbc7c017a3d1a29fb450621089ffed3e99d1857f",
        "sha256:1f7d1a520373e2272b10796c3ff721ea1a0712288cafaa95931e66aa15798813",
        "sha256:209ee89fbb0deed518605edddd234af80506aec932ad28d73c08f1400ef80a33",
        "sha256:26efb2fcc6b67e4d5a55561f39176821d2adf88f2745ddc72751b7890f3194ad",
        "sha256:37bd02ebf9d10e05b00d71302d2c2e6ca333e6c2a8584a98c00e038db8121f05",
        "sha256:3a700330b567114b673cf8ee7388e949f843b356a73b5ab22dd7cff4742a5297",
        "sha256:3c0165ba8f354a6d9881809ef29f1a9318a236a6d81c690094c5df32107bde06",
        "sha256:3d80e36b7d7a9259b740be6d8d906221789b0d836201af4234093cae89ced0cd",
        "sha256:4175593dc25d9da12f7de8de873a33f9b2b8bdb4e827a7cae952e5b1a342e243",
        "sha256:4307270436fd7694b41f913eb09210faff27ea4979ecbcd849e57d2da2f65305",
        "sha256:5e80e758243b97b618cdf22004beb09e8a2de1af481382e4d84bc52152d1c476",
        "sha256:641411733b127c3e0dab94c45af15fea99e4468f99ac88b39efb1ad677da5711",
        "sha256:652b651d42f155033a1967739788c436491b577b6a44e4c39fb340d0ee7f0d70",
        "sha256:6d7464bac72a85cb3491c7e92b5b62f3dcccb8af26826257760a552a5e244aa5",
        "sha256:74e259b5c19f70d35fcc1ad3d56499065c601dfe94ff67ae48b85596b9ec1461",
        "sha256:7d17e0a9707d0772f4a7b878f04b4fd11f6f5bcb9b3813975a9b13c9332153ab",
        "sha256:901c2c269c616e6cb0998b33d4adbb4a6af0ac4ce5cd078afd7bc95830e62c1c",
        "sha256:98e781cd35c0acf33eb0295e8b9c55cdbef64fcb35f6d3aa2186f289bed6e80d",
        "sha256:a12c56bf73cdab116df96e4ff39610b92a348cc99a1307e1da3c3768bbb5b135",
        "sha256:ac6e503823143464538efda0e8e356d871557ef60ccd38f8824a4257acc18d93",
        "sha256:b8472f736a5bfb159a5e36740847808f6f5b659960115ff29c7cecec1741c648",
        "sha256:b86ce2c1866a748c0f6faca5232059f881cda6dda2a893b9a8373353cfe3715a",
        "sha256:bc9ec663ed6c8f15f4ae9d3c04c989b744436c16d26580eaa760ae9dd5d662eb",
        "sha256:c9166b3f81a10cdf9b49f2d594b21b31adadb3d5e9db9b834866c3258b695be3",
        "sha256:d13674f3fb73805ba0c45eb6c0c3053d218aa1f7abead6e446d474529aafc372",
        "sha256:de32edc9b0a7e67c2775e574cb061a537660e51210fbf6006b0b36ea695ae9bb",
        "sha256:e62ebaad93be3ad1a828a11e90f0e76f15449371ffeecca4a0a0b9adc99abcef"
      ],
      "index": "pypi",
      "version": "==0.991"
    },
    "mypy-extensions": {
      "hashes": [
        "sha256:4392f6c0eb8a5668a69e23d168ffa70f0be9ccfd32b5cc2d26a34ae5b844552d",
        "sha256:75dbf8955dc00442a438fc4d0666508a9a97b6bd41aa2f0ffe9d2f2725af0782"
      ],
      "markers": "python_version >= '3.5'",
      "version": "==1.0.0"
    },
    "nodeenv": {
      "hashes": [
        "sha256:27083a7b96a25f2f5e1d8cb4b6317ee8aeda3bdd121394e5ac54e498028a042e",
        "sha256:e0e7f7dfb85fc5394c6fe1e8fa98131a2473e04311a45afb6508f7cf1836fa2b"
      ],
      "markers": "python_version >= '2.7' and python_version not in '3.0, 3.1, 3.2, 3.3, 3.4, 3.5, 3.6'",
      "version": "==1.7.0"
    },
    "pathspec": {
      "hashes": [
        "sha256:2798de800fa92780e33acca925945e9a19a133b715067cf165b8866c15a31687",
        "sha256:d8af70af76652554bd134c22b3e8a1cc46ed7d91edcdd721ef1a0c51a84a5293"
      ],
      "markers": "python_version >= '3.7'",
      "version": "==0.11.1"
    },
    "platformdirs": {
      "hashes": [
        "sha256:47692bc24c1958e8b0f13dd727307cff1db103fca36399f457da8e05f222fdc4",
        "sha256:7954a68d0ba23558d753f73437c55f89027cf8f5108c19844d4b82e5af396335"
      ],
      "markers": "python_version >= '3.7'",
      "version": "==3.5.0"
    },
    "pre-commit": {
      "hashes": [
        "sha256:51a5ba7c480ae8072ecdb6933df22d2f812dc897d5fe848778116129a681aac7",
        "sha256:a978dac7bc9ec0bcee55c18a277d553b0f419d259dadb4b9418ff2d00eb43959"
      ],
      "index": "pypi",
      "version": "==2.20.0"
    },
    "pygame": {
      "hashes": [
        "sha256:033352321cc49d60fdc3c3ae4b3e10ecb6614846fb2eb3453c729aba48a2874d",
        "sha256:0a664cd6c50870f6749c389a8844318afc8a2d02f8cb7b05d67930fdf99252bd",
        "sha256:0ec8e691407b6c91525b2d7c8386fd6232b97d8f8c33d134ec0c0165b1d52c24",
        "sha256:101c57141d705ca1930377c324d2c7acd3099f1b4ac676981bdf5d5b329842c8",
        "sha256:17730a2ed1001e5876745702c92906ad31ecedc13825efba56a0cba92e273b7a",
        "sha256:1dc89d825e0ccba5ba3605abbd83be1401e0a32de7ab64b9647a6bb1ecb0a4f7",
        "sha256:1eda9f30d376d4205e8204e542ab1348dcbb31755c8ba38772e48a3b2f91b2fc",
        "sha256:228514c0d034c840b8ee6bf99185df34ac15e6a6a99684b8a3900124417c8d8f",
        "sha256:23bd3c3a6d4e8acddee2297d609dbc5953d6ba99b0f0cc5ccc2f567889db3785",
        "sha256:246f75f67d2ad4c2dad21b1f35c6092d67c4c0db13b2fa0a42d794e6e2794f47",
        "sha256:250b3ec3f90b05ad50cb0070d994a0a1f39fffe8181fc9508b8749884c313431",
        "sha256:25c1b1819211aaa0f98264e6b670a496a9975079d5ae2dffd304b0aca6b1aa3c",
        "sha256:32bdf1d5d9e0763779d0b915d4617253949a6c118c4c6b5ae1a77cf1df964e4c",
        "sha256:35f5a9cc7a9a2ea3d048e418e79f30e1506cb47015939330903026c636761aab",
        "sha256:385163fd1ed8809a72be68fddc9c76876c304e8712695aff2ea49adf3831caf9",
        "sha256:38642c6cc6477db6ebddd52be39bad0a9e19cf097f83feaaf8e7573b9a9d2405",
        "sha256:3d035ba196c258876a87451fa7de65b62c087d7016e51000e8d95bc67c8584f7",
        "sha256:3e9535cf1af0c6ca38d94e0b492fc41057d7bf05e9bd64d3ed3e216d336d6d11",
        "sha256:3ee86606c6c7f61176ed24b427fa230fe4fc9f552aa555b8db21ddb608b4ce88",
        "sha256:43f238229b3a9e5692ba5a31638f1c148257b37a49ef21f03b23b34d7f00b2d9",
        "sha256:4b334f6dd6c1412dd4b161a8562b7a422db957f67b7eb93e927606e2dd435882",
        "sha256:4db1b103025fd4b451dfa409c0da16d2ff31714ae82bdf45b1434863cd69370b",
        "sha256:4f79a3c5e7f24474d6e722d597ee03d2b0d17958c77d4307787147cf339b4ad9",
        "sha256:525e11a2b9182ec84d690634016009e382ab8b488593c3f150a0b8aae28aa165",
        "sha256:53e9418c457fa549294feee7947bc0b24b048b4eba133f0e757dd2348d15af3b",
        "sha256:555234ed6b08242af95406fd3eb43255c3ce8e915e8c751f2d411bd40d574df4",
        "sha256:57180b3aabbe17d8017aa724887019943d96ea69810f4315f5c1b7d4f64861f9",
        "sha256:59a1e473c627acf369b30bb52fb5f39d1f68f8c204aa857578b72f07a23c952b",
        "sha256:619eed2d97f28af9d4cdb217a5517fd6f59b873f2f1d31b4489ed852b9a175c3",
        "sha256:653ec5102b9cb13a24e26663a81d7810790e56b88113b90aa5fdca681c01a5b9",
        "sha256:6c5d33355dfb66382bcac1fcf3db64ba71bc9e97082db3ae45a7a0d335e73268",
        "sha256:6ccde93b51d2393216f98e8f81cf5cc628513d837c89dcf5b588f52031659c09",
        "sha256:703d5def9d4dbe9c358f63151bee4a55e328dd7737e692f52522bc44be7c7c8c",
        "sha256:740b9f311c693b00d86a89cc6846afc1d1e013b006975eb8be0b18d5481c5b32",
        "sha256:774233845099d632de676ad4d4dd08ba27ebce5bfa550b1dc9f6cce145e21c35",
        "sha256:788717d0b9a0d0828a763381e1eb6a127ceef815f9a91ff52217ed4b78df62fc",
        "sha256:82e5806fd797bd1b27fae705683f6822ae5276ec9cda42e6e21bba61985b763a",
        "sha256:8308b21804d137a3b7cafbd020d2159eb5bcc18ffc9c3993b20311069c326a2c",
        "sha256:84fad9538012f1d6b298dcf690c4336e0317fe97ac10993b4d847ff547e919dd",
        "sha256:858d3968aebaca5015ef0ec82c513114a3c3fe64ce910222cfa852a39f03b135",
        "sha256:884b92c9cbf0bfaf8b8dd0f75a746613c55447d307ddd1addf903709b3b9f89f",
        "sha256:90931a210325274184860d898df4e87a0972654edbb2a6185afcdce32244dfb6",
        "sha256:910678441d02c3b55ac59fcbc4220a824b094407de084734b5d84e0900d6448b",
        "sha256:932034e1738873a55c4e2eb83b6e8c03f9a55feaa6a04a7da7b1e0e5a5050b4a",
        "sha256:9ccac73a8c913809ba2c1408d750abf14e45666b3c83493370441c52e99222b4",
        "sha256:a1d737db18f4c94b620613c6a047a3a1eecc0f36df7d5da4070de575930cc5f0",
        "sha256:a5afd712bd7307d034e6940f3025c4b769656fd4cbb38fbdbd6af0f93d6c8386",
        "sha256:a5e83bd89da26f8360e02d5de2d2575981b0ebad81ea6d48aba610dabf167b88",
        "sha256:a7390815dad55a2db9f8daac6f2c2e593801daea2d674433a72b91ea1caee0d3",
        "sha256:a8b315203925724f89a81a741682589ba1c36ec858d98e6accb7501ece9e99a3",
        "sha256:ad8fa7a91fa8f2a4fa46366142763675a0a11b7c34b06dfc20b1095d116da820",
        "sha256:b507df9ea606a87c29e5028b8de9f35066a15f6a5d7f3e5b47b3719e9403f924",
        "sha256:bf236758429d9b9cdadd1fcf40901588818ee440178b932409c40157ab41e902",
        "sha256:c2961d44593aaa99580971e4123db00d4ca72fb4b30fa56350b3f6792331a41e",
        "sha256:c60be419d7cca1222895dfe9d520628b7346015208382a19fa678356a22664b3",
        "sha256:cfff49dbb7fcc2a9a88e3f25fda7f181ee4957fd89df78c47fa64c689d19b8a9",
        "sha256:d339f90cc30de4b013670de84abd46de4be602d5c52bbe4e569fa15d17b204ca",
        "sha256:d628637d4f0c55613f258b84eef932faf89e683aa842f4fd483a676f44a38606",
        "sha256:d949e93fbdaf5b43f69a484639104c07028f93686c8305afb0d8e382fde8ff5d",
        "sha256:e13de2947c496fcb600fa4b5cd00a5fa33d4b3af9d13c169a5f79268268de0a8",
        "sha256:e323b75abda43345aff5ab2f6b1c017135f937f8a114d7aac8d95a07d200e19f",
        "sha256:e3948be800b5f251a0741ec3aab3ca508dfc391095726a69af7064fa4d3e0547",
        "sha256:e516bc6bba5455817bbb0038f4c44d1914aac13c7f7954dee9213c9ae28bd9ac",
        "sha256:e62607c86e02d29ba5cb00837f73b1dce7b325a1f1f6d93150a0f96fa68da1a1",
        "sha256:f2acf958513bd1612960ec68aa5e388262218f7365db59e54e1ee68a55bc544b",
        "sha256:f57b1ee40387e43ab5c3cf20437283477b5ef52ead4bb1d9bff254ef9ee70623",
        "sha256:fa18acc2d6f0d09575802e1db11845fc0f83f9777cc385c51380125df92f3dc9",
        "sha256:fab0457ab07e8abb99de2b83c0a71f98bdf79afb01ff611873e4333fd8649f02"
      ],
      "markers": "python_version >= '3.6'",
      "version": "==2.3.0"
    },
    "pyyaml": {
      "hashes": [
        "sha256:01b45c0191e6d66c470b6cf1b9531a771a83c1c4208272ead47a3ae4f2f603bf",
        "sha256:0283c35a6a9fbf047493e3a0ce8d79ef5030852c51e9d911a27badfde0605293",
        "sha256:055d937d65826939cb044fc8c9b08889e8c743fdc6a32b33e2390f66013e449b",
        "sha256:07751360502caac1c067a8132d150cf3d61339af5691fe9e87803040dbc5db57",
        "sha256:0b4624f379dab24d3725ffde76559cff63d9ec94e1736b556dacdfebe5ab6d4b",
        "sha256:0ce82d761c532fe4ec3f87fc45688bdd3a4c1dc5e0b4a19814b9009a29baefd4",
        "sha256:1e4747bc279b4f613a09eb64bba2ba602d8a6664c6ce6396a4d0cd413a50ce07",
        "sha256:213c60cd50106436cc818accf5baa1aba61c0189ff610f64f4a3e8c6726218ba",
        "sha256:231710d57adfd809ef5d34183b8ed1eeae3f76459c18fb4a0b373ad56bedcdd9",
        "sha256:277a0ef2981ca40581a47093e9e2d13b3f1fbbeffae064c1d21bfceba2030287",
        "sha256:2cd5df3de48857ed0544b34e2d40e9fac445930039f3cfe4bcc592a1f836d513",
        "sha256:40527857252b61eacd1d9af500c3337ba8deb8fc298940291486c465c8b46ec0",
        "sha256:432557aa2c09802be39460360ddffd48156e30721f5e8d917f01d31694216782",
        "sha256:473f9edb243cb1935ab5a084eb238d842fb8f404ed2193a915d1784b5a6b5fc0",
        "sha256:48c346915c114f5fdb3ead70312bd042a953a8ce5c7106d5bfb1a5254e47da92",
        "sha256:50602afada6d6cbfad699b0c7bb50d5ccffa7e46a3d738092afddc1f9758427f",
        "sha256:68fb519c14306fec9720a2a5b45bc9f0c8d1b9c72adf45c37baedfcd949c35a2",
        "sha256:77f396e6ef4c73fdc33a9157446466f1cff553d979bd00ecb64385760c6babdc",
        "sha256:81957921f441d50af23654aa6c5e5eaf9b06aba7f0a19c18a538dc7ef291c5a1",
        "sha256:819b3830a1543db06c4d4b865e70ded25be52a2e0631ccd2f6a47a2822f2fd7c",
        "sha256:897b80890765f037df3403d22bab41627ca8811ae55e9a722fd0392850ec4d86",
        "sha256:98c4d36e99714e55cfbaaee6dd5badbc9a1ec339ebfc3b1f52e293aee6bb71a4",
        "sha256:9df7ed3b3d2e0ecfe09e14741b857df43adb5a3ddadc919a2d94fbdf78fea53c",
        "sha256:9fa600030013c4de8165339db93d182b9431076eb98eb40ee068700c9c813e34",
        "sha256:a80a78046a72361de73f8f395f1f1e49f956c6be882eed58505a15f3e430962b",
        "sha256:afa17f5bc4d1b10afd4466fd3a44dc0e245382deca5b3c353d8b757f9e3ecb8d",
        "sha256:b3d267842bf12586ba6c734f89d1f5b871df0273157918b0ccefa29deb05c21c",
        "sha256:b5b9eccad747aabaaffbc6064800670f0c297e52c12754eb1d976c57e4f74dcb",
        "sha256:bfaef573a63ba8923503d27530362590ff4f576c626d86a9fed95822a8255fd7",
        "sha256:c5687b8d43cf58545ade1fe3e055f70eac7a5a1a0bf42824308d868289a95737",
        "sha256:cba8c411ef271aa037d7357a2bc8f9ee8b58b9965831d9e51baf703280dc73d3",
        "sha256:d15a181d1ecd0d4270dc32edb46f7cb7733c7c508857278d3d378d14d606db2d",
        "sha256:d4b0ba9512519522b118090257be113b9468d804b19d63c71dbcf4a48fa32358",
        "sha256:d4db7c7aef085872ef65a8fd7d6d09a14ae91f691dec3e87ee5ee0539d516f53",
        "sha256:d4eccecf9adf6fbcc6861a38015c2a64f38b9d94838ac1810a9023a0609e1b78",
        "sha256:d67d839ede4ed1b28a4e8909735fc992a923cdb84e618544973d7dfc71540803",
        "sha256:daf496c58a8c52083df09b80c860005194014c3698698d1a57cbcfa182142a3a",
        "sha256:dbad0e9d368bb989f4515da330b88a057617d16b6a8245084f1b05400f24609f",
        "sha256:e61ceaab6f49fb8bdfaa0f92c4b57bcfbea54c09277b1b4f7ac376bfb7a7c174",
        "sha256:f84fbc98b019fef2ee9a1cb3ce93e3187a6df0b2538a651bfb890254ba9f90b5"
      ],
      "markers": "python_version >= '3.6'",
      "version": "==6.0"
    },
    "rgbmatrixemulator": {
      "hashes": [
        "sha256:3d2713c8d7c586e7140e838a2158a9d32aa3ed114efd9b0103854a03dd887bb9"
      ],
      "index": "pypi",
      "version": "==0.8.1"
    },
    "setuptools": {
      "hashes": [
        "sha256:23aaf86b85ca52ceb801d32703f12d77517b2556af839621c641fca11287952b",
        "sha256:f104fa03692a2602fa0fec6c6a9e63b6c8a968de13e17c026957dd1f53d80990"
      ],
      "markers": "python_version >= '3.7'",
      "version": "==67.7.2"
    },
    "toml": {
      "hashes": [
        "sha256:806143ae5bfb6a3c6e736a764057db0e6a0e05e338b5630894a5f779cabb4f9b",
        "sha256:b3bda1d108d5dd99f4a20d24d9c348e91c4db7ab1b749200bded2f839ccbe68f"
      ],
      "markers": "python_version >= '2.6' and python_version not in '3.0, 3.1, 3.2, 3.3'",
      "version": "==0.10.2"
    },
    "tomli": {
      "hashes": [
        "sha256:939de3e7a6161af0c887ef91b7d41a53e7c5a1ca976325f429cb46ea9bc30ecc",
        "sha256:de526c12914f0c550d15924c62d72abc48d6fe7364aa87328337a31007fe8a4f"
      ],
      "markers": "python_full_version < '3.11.0a7'",
      "version": "==2.0.1"
    },
    "tornado": {
      "hashes": [
        "sha256:1285f0691143f7ab97150831455d4db17a267b59649f7bd9700282cba3d5e771",
        "sha256:3455133b9ff262fd0a75630af0a8ee13564f25fb4fd3d9ce239b8a7d3d027bf8",
        "sha256:5e2f49ad371595957c50e42dd7e5c14d64a6843a3cf27352b69c706d1b5918af",
        "sha256:81c17e0cc396908a5e25dc8e9c5e4936e6dfd544c9290be48bd054c79bcad51e",
        "sha256:90f569a35a8ec19bde53aa596952071f445da678ec8596af763b9b9ce07605e6",
        "sha256:9661aa8bc0e9d83d757cd95b6f6d1ece8ca9fd1ccdd34db2de381e25bf818233",
        "sha256:a27a1cfa9997923f80bdd962b3aab048ac486ad8cfb2f237964f8ab7f7eb824b",
        "sha256:b4e7b956f9b5e6f9feb643ea04f07e7c6b49301e03e0023eedb01fa8cf52f579",
        "sha256:d7117f3c7ba5d05813b17a1f04efc8e108a1b811ccfddd9134cc68553c414864",
        "sha256:db181eb3df8738613ff0a26f49e1b394aade05034b01200a63e9662f347d4415",
        "sha256:ffdce65a281fd708da5a9def3bfb8f364766847fa7ed806821a69094c9629e8a"
      ],
      "markers": "python_version >= '3.8'",
      "version": "==6.3.1"
    },
    "typing-extensions": {
      "hashes": [
        "sha256:5cb5f4a79139d699607b3ef622a1dedafa84e115ab0024e0d9c044a9479ca7cb",
        "sha256:fb33085c39dd998ac16d1431ebc293a8b3eedd00fd4a32de0ff79002c19511b4"
      ],
      "markers": "python_version >= '3.7'",
      "version": "==4.5.0"
    },
    "virtualenv": {
      "hashes": [
        "sha256:6abec7670e5802a528357fdc75b26b9f57d5d92f29c5462ba0fbe45feacc685e",
        "sha256:a85caa554ced0c0afbd0d638e7e2d7b5f92d23478d05d17a76daeac8f279f924"
      ],
      "markers": "python_version >= '3.7'",
      "version": "==20.23.0"
    }
  }
}
